# This file is automatically @generated by Cargo.
# It is not intended for manual editing.
[[package]]
name = "bcm2711"
version = "0.1.0"
dependencies = [
 "register 0.3.3 (registry+https://github.com/rust-lang/crates.io-index)",
]

[[package]]
name = "bcm2711-hal"
version = "0.1.0"
dependencies = [
 "bcm2711 0.1.0",
 "bitfield 0.13.2 (registry+https://github.com/rust-lang/crates.io-index)",
 "cortex-a 2.7.0 (registry+https://github.com/rust-lang/crates.io-index)",
 "embedded-hal 0.2.3 (registry+https://github.com/rust-lang/crates.io-index)",
 "nb 0.1.2 (registry+https://github.com/rust-lang/crates.io-index)",
 "void 1.0.2 (registry+https://github.com/rust-lang/crates.io-index)",
]

[[package]]
name = "bitfield"
version = "0.13.2"
source = "registry+https://github.com/rust-lang/crates.io-index"

[[package]]
name = "cortex-a"
version = "2.7.0"
source = "registry+https://github.com/rust-lang/crates.io-index"
dependencies = [
 "register 0.3.3 (registry+https://github.com/rust-lang/crates.io-index)",
]

[[package]]
name = "embedded-hal"
version = "0.2.3"
source = "registry+https://github.com/rust-lang/crates.io-index"
dependencies = [
 "nb 0.1.2 (registry+https://github.com/rust-lang/crates.io-index)",
 "void 1.0.2 (registry+https://github.com/rust-lang/crates.io-index)",
]

[[package]]
name = "nb"
version = "0.1.2"
source = "registry+https://github.com/rust-lang/crates.io-index"

[[package]]
name = "panic-abort"
version = "0.3.1"
source = "registry+https://github.com/rust-lang/crates.io-index"

[[package]]
name = "r0"
version = "0.2.2"
source = "registry+https://github.com/rust-lang/crates.io-index"

[[package]]
name = "raspi3_boot"
version = "0.1.0"
dependencies = [
 "bcm2711-hal 0.1.0",
 "cortex-a 2.7.0 (registry+https://github.com/rust-lang/crates.io-index)",
 "panic-abort 0.3.1 (registry+https://github.com/rust-lang/crates.io-index)",
 "r0 0.2.2 (registry+https://github.com/rust-lang/crates.io-index)",
]

[[package]]
name = "register"
version = "0.3.3"
source = "registry+https://github.com/rust-lang/crates.io-index"
dependencies = [
 "tock-registers 0.3.0 (registry+https://github.com/rust-lang/crates.io-index)",
]

[[package]]
name = "tock-registers"
version = "0.3.0"
source = "registry+https://github.com/rust-lang/crates.io-index"

[[package]]
name = "uart1"
version = "0.1.0"
dependencies = [
 "bcm2711-hal 0.1.0",
 "raspi3_boot 0.1.0",
]

[[package]]
name = "void"
version = "1.0.2"
source = "registry+https://github.com/rust-lang/crates.io-index"

[metadata]
"checksum bitfield 0.13.2 (registry+https://github.com/rust-lang/crates.io-index)" = "46afbd2983a5d5a7bd740ccb198caf5b82f45c40c09c0eed36052d91cb92e719"
"checksum cortex-a 2.7.0 (registry+https://github.com/rust-lang/crates.io-index)" = "cbb16c411ab74044f174746a6cbae67bcdebea126e376b5441e5986e6a6aa950"
"checksum embedded-hal 0.2.3 (registry+https://github.com/rust-lang/crates.io-index)" = "ee4908a155094da7723c2d60d617b820061e3b4efcc3d9e293d206a5a76c170b"
"checksum nb 0.1.2 (registry+https://github.com/rust-lang/crates.io-index)" = "b1411551beb3c11dedfb0a90a0fa256b47d28b9ec2cdff34c25a2fa59e45dbdc"
"checksum panic-abort 0.3.1 (registry+https://github.com/rust-lang/crates.io-index)" = "2c14a66511ed17b6a8b4256b868d7fd207836d891db15eea5195dbcaf87e630f"
"checksum r0 0.2.2 (registry+https://github.com/rust-lang/crates.io-index)" = "e2a38df5b15c8d5c7e8654189744d8e396bddc18ad48041a500ce52d6948941f"
"checksum register 0.3.3 (registry+https://github.com/rust-lang/crates.io-index)" = "469bb5ddde81d67fb8bba4e14d77689b8166cfd077abe7530591cefe29d05823"
"checksum tock-registers 0.3.0 (registry+https://github.com/rust-lang/crates.io-index)" = "c758f5195a2e0df9d9fecf6f506506b2766ff74cf64db1e995c87e2761a5c3e2"
"checksum void 1.0.2 (registry+https://github.com/rust-lang/crates.io-index)" = "6a02e4885ed3bc0f2de90ea6dd45ebcbb66dacffe03547fadbb0eeae2770887d"
